<?xml version="1.0" encoding="utf-8"?>
<Project ToolsVersion="4.0" xmlns="http://schemas.microsoft.com/developer/msbuild/2003">
  <ItemGroup>
    <Filter Include="Source Files">
      <UniqueIdentifier>{4FC737F1-C7A5-4376-A066-2A32D752A2FF}</UniqueIdentifier>
      <Extensions>cpp;c;cc;cxx;c++;cppm;ixx;def;odl;idl;hpj;bat;asm;asmx</Extensions>
    </Filter>
    <Filter Include="Header Files">
      <UniqueIdentifier>{93995380-89BD-4b04-88EB-625FBE52EBFB}</UniqueIdentifier>
      <Extensions>h;hh;hpp;hxx;h++;hm;inl;inc;ipp;xsd</Extensions>
    </Filter>
    <Filter Include="Resource Files">
      <UniqueIdentifier>{67DA6AB6-F800-4c08-8B7A-83BB121AAD01}</UniqueIdentifier>
      <Extensions>rc;ico;cur;bmp;dlg;rc2;rct;bin;rgs;gif;jpg;jpeg;jpe;resx;tiff;tif;png;wav;mfcribbon-ms</Extensions>
    </Filter>
  </ItemGroup>
  <ItemGroup>
    <ClCompile Include="src\Main.cpp">
      <Filter>Source Files</Filter>
    </ClCompile>
    <ClCompile Include="src\map\Map.cpp">
      <Filter>Source Files</Filter>
    </ClCompile>
    <ClCompile Include="src\Game.cpp">
      <Filter>Source Files</Filter>
    </ClCompile>
    <ClCompile Include="src\entities\GameEntity.cpp">
      <Filter>Source Files</Filter>
    </ClCompile>
    <ClCompile Include="src\entities\Werewolf.cpp">
      <Filter>Source Files</Filter>
    </ClCompile>
    <ClCompile Include="src\entities\Vampire.cpp">
      <Filter>Source Files</Filter>
    </ClCompile>
    <ClCompile Include="src\entities\Avatar.cpp">
      <Filter>Source Files</Filter>
    </ClCompile>
    <ClCompile Include="src\Utils.cpp">
      <Filter>Source Files</Filter>
    </ClCompile>
    <ClCompile Include="src\entities\Enemy.cpp">
      <Filter>Source Files</Filter>
    </ClCompile>
    <ClCompile Include="src\map\MapElement.cpp">
      <Filter>Source Files</Filter>
    </ClCompile>
    <ClCompile Include="src\map\Ground.cpp">
      <Filter>Source Files</Filter>
    </ClCompile>
    <ClCompile Include="src\map\Water.cpp">
      <Filter>Source Files</Filter>
    </ClCompile>
    <ClCompile Include="src\map\Tree.cpp">
      <Filter>Source Files</Filter>
    </ClCompile>
  </ItemGroup>
  <ItemGroup>
    <ClInclude Include="include\map\Map.h">
      <Filter>Header Files</Filter>
    </ClInclude>
    <ClInclude Include="include\Game.h">
      <Filter>Header Files</Filter>
    </ClInclude>
    <ClInclude Include="include\entities\GameEntity.h">
      <Filter>Header Files</Filter>
    </ClInclude>
    <ClInclude Include="include\entities\Werewolf.h">
      <Filter>Header Files</Filter>
    </ClInclude>
    <ClInclude Include="include\entities\Vampire.h">
      <Filter>Header Files</Filter>
    </ClInclude>
    <ClInclude Include="include\entities\Avatar.h">
      <Filter>Header Files</Filter>
    </ClInclude>
    <ClInclude Include="include\Utils.h">
      <Filter>Header Files</Filter>
    </ClInclude>
    <ClInclude Include="include\Enums.h">
      <Filter>Header Files</Filter>
    </ClInclude>
    <ClInclude Include="include\entities\Enemy.h">
      <Filter>Header Files</Filter>
    </ClInclude>
    <ClInclude Include="include\map\MapElement.h">
      <Filter>Header Files</Filter>
    </ClInclude>
    <ClInclude Include="include\map\Ground.h">
      <Filter>Header Files</Filter>
    </ClInclude>
    <ClInclude Include="include\map\Water.h">
      <Filter>Header Files</Filter>
    </ClInclude>
    <ClInclude Include="include\map\Tree.h">
      <Filter>Header Files</Filter>
    </ClInclude>
  </ItemGroup>
  <ItemGroup>
    <None Include="..\reports\project_report.pdf" />
    <None Include="..\reports\Προσχέδιο σχεδίασης του λογισμικού.pdf" />
    <None Include="..\reports\Προσχέδιο υλοποίησης του λογισμικού.pdf" />
  </ItemGroup>
</Project>